// !$*UTF8*$!
{
	archiveVersion = 1;
	classes = {
	};
	objectVersion = 56;
	objects = {

/* Begin PBXBuildFile section */
		7E34E0942A8B2E44006C82DA /* Currencies.swift in Sources */ = {isa = PBXBuildFile; fileRef = 7E34E0932A8B2E44006C82DA /* Currencies.swift */; };
		7E34E0982A8B3055006C82DA /* CurrenciesCell.swift in Sources */ = {isa = PBXBuildFile; fileRef = 7E34E0972A8B3055006C82DA /* CurrenciesCell.swift */; };
		7E34E09A2A8B4225006C82DA /* CurrencyViewModel.swift in Sources */ = {isa = PBXBuildFile; fileRef = 7E34E0992A8B4225006C82DA /* CurrencyViewModel.swift */; };
		7E34E09C2A8B44B8006C82DA /* EventView.swift in Sources */ = {isa = PBXBuildFile; fileRef = 7E34E09B2A8B44B8006C82DA /* EventView.swift */; };
		7E4FF9DA2A71426E00BA395D /* NetworkModel.swift in Sources */ = {isa = PBXBuildFile; fileRef = 7E4FF9D92A71426E00BA395D /* NetworkModel.swift */; };
		7E4FF9DC2A71427B00BA395D /* NetwofkService.swift in Sources */ = {isa = PBXBuildFile; fileRef = 7E4FF9DB2A71427B00BA395D /* NetwofkService.swift */; };
		7E4FF9DE2A71447E00BA395D /* LessonViewModel.swift in Sources */ = {isa = PBXBuildFile; fileRef = 7E4FF9DD2A71447E00BA395D /* LessonViewModel.swift */; };
		7E82BD9C2A99AF7C004B6B72 /* PopupView in Frameworks */ = {isa = PBXBuildFile; productRef = 7E82BD9B2A99AF7C004B6B72 /* PopupView */; };
		7E82BD9F2A99B41A004B6B72 /* PopupView.swift in Sources */ = {isa = PBXBuildFile; fileRef = 7E82BD9E2A99B41A004B6B72 /* PopupView.swift */; };
		7EA562C02AB4936500C09F52 /* FinCalculatorView.swift in Sources */ = {isa = PBXBuildFile; fileRef = 7EA562BF2AB4936500C09F52 /* FinCalculatorView.swift */; };
		7EA562C22AB498F000C09F52 /* FirstLessonView.swift in Sources */ = {isa = PBXBuildFile; fileRef = 7EA562C12AB498F000C09F52 /* FirstLessonView.swift */; };
		7EA80EB32AAB6350001AEF97 /* LessonStructMapper.swift in Sources */ = {isa = PBXBuildFile; fileRef = 7EA80EB22AAB6350001AEF97 /* LessonStructMapper.swift */; };
		7EA80EB52AAB637D001AEF97 /* LessonModel.swift in Sources */ = {isa = PBXBuildFile; fileRef = 7EA80EB42AAB637D001AEF97 /* LessonModel.swift */; };
		7EC2F7932A695EB400CAD2BF /* QuantumApp.swift in Sources */ = {isa = PBXBuildFile; fileRef = 7EC2F7922A695EB400CAD2BF /* QuantumApp.swift */; };
		7EC2F7952A695EB400CAD2BF /* ContentView.swift in Sources */ = {isa = PBXBuildFile; fileRef = 7EC2F7942A695EB400CAD2BF /* ContentView.swift */; };
		7EC2F7972A695EB500CAD2BF /* Assets.xcassets in Resources */ = {isa = PBXBuildFile; fileRef = 7EC2F7962A695EB500CAD2BF /* Assets.xcassets */; };
		7EC2F79A2A695EB500CAD2BF /* Preview Assets.xcassets in Resources */ = {isa = PBXBuildFile; fileRef = 7EC2F7992A695EB500CAD2BF /* Preview Assets.xcassets */; };
		7EC2F7A42A6964AC00CAD2BF /* SplashScreen.swift in Sources */ = {isa = PBXBuildFile; fileRef = 7EC2F7A32A6964AC00CAD2BF /* SplashScreen.swift */; };
		7EC2F7A72A69671D00CAD2BF /* MainMenuView.swift in Sources */ = {isa = PBXBuildFile; fileRef = 7EC2F7A62A69671D00CAD2BF /* MainMenuView.swift */; };
		7EC2F7AD2A69723E00CAD2BF /* LessonsView.swift in Sources */ = {isa = PBXBuildFile; fileRef = 7EC2F7AC2A69723E00CAD2BF /* LessonsView.swift */; };
		7EC2F7AF2A69764A00CAD2BF /* LessonDesciption.swift in Sources */ = {isa = PBXBuildFile; fileRef = 7EC2F7AE2A69764A00CAD2BF /* LessonDesciption.swift */; };
		7EC2F7B12A697AF300CAD2BF /* InvestDiaryView.swift in Sources */ = {isa = PBXBuildFile; fileRef = 7EC2F7B02A697AF300CAD2BF /* InvestDiaryView.swift */; };
		7EC2F7B32A69862000CAD2BF /* InvestDiaryList.swift in Sources */ = {isa = PBXBuildFile; fileRef = 7EC2F7B22A69862000CAD2BF /* InvestDiaryList.swift */; };
		7EC2F7B52A6A73B200CAD2BF /* InvestViewModel.swift in Sources */ = {isa = PBXBuildFile; fileRef = 7EC2F7B42A6A73B200CAD2BF /* InvestViewModel.swift */; };
		7EC2F7B72A6A75A900CAD2BF /* InvestModel.swift in Sources */ = {isa = PBXBuildFile; fileRef = 7EC2F7B62A6A75A900CAD2BF /* InvestModel.swift */; };
		7EC2F7B92A6A8E2200CAD2BF /* VisualView.swift in Sources */ = {isa = PBXBuildFile; fileRef = 7EC2F7B82A6A8E2200CAD2BF /* VisualView.swift */; };
		7EC2F7BE2A6A936200CAD2BF /* SwiftUICharts in Frameworks */ = {isa = PBXBuildFile; productRef = 7EC2F7BD2A6A936200CAD2BF /* SwiftUICharts */; };
/* End PBXBuildFile section */

/* Begin PBXFileReference section */
		7E0381142AA21BE400FF8109 /* QuantumAIConfiguration.storekit */ = {isa = PBXFileReference; lastKnownFileType = text; path = QuantumAIConfiguration.storekit; sourceTree = "<group>"; };
		7E34E0932A8B2E44006C82DA /* Currencies.swift */ = {isa = PBXFileReference; lastKnownFileType = sourcecode.swift; path = Currencies.swift; sourceTree = "<group>"; };
		7E34E0972A8B3055006C82DA /* CurrenciesCell.swift */ = {isa = PBXFileReference; lastKnownFileType = sourcecode.swift; path = CurrenciesCell.swift; sourceTree = "<group>"; };
		7E34E0992A8B4225006C82DA /* CurrencyViewModel.swift */ = {isa = PBXFileReference; lastKnownFileType = sourcecode.swift; path = CurrencyViewModel.swift; sourceTree = "<group>"; };
		7E34E09B2A8B44B8006C82DA /* EventView.swift */ = {isa = PBXFileReference; lastKnownFileType = sourcecode.swift; path = EventView.swift; sourceTree = "<group>"; };
		7E4FF9D92A71426E00BA395D /* NetworkModel.swift */ = {isa = PBXFileReference; lastKnownFileType = sourcecode.swift; path = NetworkModel.swift; sourceTree = "<group>"; };
		7E4FF9DB2A71427B00BA395D /* NetwofkService.swift */ = {isa = PBXFileReference; lastKnownFileType = sourcecode.swift; path = NetwofkService.swift; sourceTree = "<group>"; };
		7E4FF9DD2A71447E00BA395D /* LessonViewModel.swift */ = {isa = PBXFileReference; lastKnownFileType = sourcecode.swift; path = LessonViewModel.swift; sourceTree = "<group>"; };
		7E82BD9E2A99B41A004B6B72 /* PopupView.swift */ = {isa = PBXFileReference; lastKnownFileType = sourcecode.swift; path = PopupView.swift; sourceTree = "<group>"; };
		7EA562BF2AB4936500C09F52 /* FinCalculatorView.swift */ = {isa = PBXFileReference; lastKnownFileType = sourcecode.swift; path = FinCalculatorView.swift; sourceTree = "<group>"; };
		7EA562C12AB498F000C09F52 /* FirstLessonView.swift */ = {isa = PBXFileReference; lastKnownFileType = sourcecode.swift; path = FirstLessonView.swift; sourceTree = "<group>"; };
		7EA80EB22AAB6350001AEF97 /* LessonStructMapper.swift */ = {isa = PBXFileReference; lastKnownFileType = sourcecode.swift; path = LessonStructMapper.swift; sourceTree = "<group>"; };
		7EA80EB42AAB637D001AEF97 /* LessonModel.swift */ = {isa = PBXFileReference; lastKnownFileType = sourcecode.swift; path = LessonModel.swift; sourceTree = "<group>"; };
		7EC2F78F2A695EB400CAD2BF /* Quantum.app */ = {isa = PBXFileReference; explicitFileType = wrapper.application; includeInIndex = 0; path = Quantum.app; sourceTree = BUILT_PRODUCTS_DIR; };
		7EC2F7922A695EB400CAD2BF /* QuantumApp.swift */ = {isa = PBXFileReference; lastKnownFileType = sourcecode.swift; path = QuantumApp.swift; sourceTree = "<group>"; };
		7EC2F7942A695EB400CAD2BF /* ContentView.swift */ = {isa = PBXFileReference; lastKnownFileType = sourcecode.swift; path = ContentView.swift; sourceTree = "<group>"; };
		7EC2F7962A695EB500CAD2BF /* Assets.xcassets */ = {isa = PBXFileReference; lastKnownFileType = folder.assetcatalog; path = Assets.xcassets; sourceTree = "<group>"; };
		7EC2F7992A695EB500CAD2BF /* Preview Assets.xcassets */ = {isa = PBXFileReference; lastKnownFileType = folder.assetcatalog; path = "Preview Assets.xcassets"; sourceTree = "<group>"; };
		7EC2F7A02A6960B100CAD2BF /* Info.plist */ = {isa = PBXFileReference; lastKnownFileType = text.plist; path = Info.plist; sourceTree = "<group>"; };
		7EC2F7A32A6964AC00CAD2BF /* SplashScreen.swift */ = {isa = PBXFileReference; lastKnownFileType = sourcecode.swift; path = SplashScreen.swift; sourceTree = "<group>"; };
		7EC2F7A62A69671D00CAD2BF /* MainMenuView.swift */ = {isa = PBXFileReference; lastKnownFileType = sourcecode.swift; path = MainMenuView.swift; sourceTree = "<group>"; };
		7EC2F7AC2A69723E00CAD2BF /* LessonsView.swift */ = {isa = PBXFileReference; lastKnownFileType = sourcecode.swift; path = LessonsView.swift; sourceTree = "<group>"; };
		7EC2F7AE2A69764A00CAD2BF /* LessonDesciption.swift */ = {isa = PBXFileReference; lastKnownFileType = sourcecode.swift; path = LessonDesciption.swift; sourceTree = "<group>"; };
		7EC2F7B02A697AF300CAD2BF /* InvestDiaryView.swift */ = {isa = PBXFileReference; lastKnownFileType = sourcecode.swift; path = InvestDiaryView.swift; sourceTree = "<group>"; };
		7EC2F7B22A69862000CAD2BF /* InvestDiaryList.swift */ = {isa = PBXFileReference; lastKnownFileType = sourcecode.swift; path = InvestDiaryList.swift; sourceTree = "<group>"; };
		7EC2F7B42A6A73B200CAD2BF /* InvestViewModel.swift */ = {isa = PBXFileReference; lastKnownFileType = sourcecode.swift; path = InvestViewModel.swift; sourceTree = "<group>"; };
		7EC2F7B62A6A75A900CAD2BF /* InvestModel.swift */ = {isa = PBXFileReference; lastKnownFileType = sourcecode.swift; path = InvestModel.swift; sourceTree = "<group>"; };
		7EC2F7B82A6A8E2200CAD2BF /* VisualView.swift */ = {isa = PBXFileReference; lastKnownFileType = sourcecode.swift; path = VisualView.swift; sourceTree = "<group>"; };
/* End PBXFileReference section */

/* Begin PBXFrameworksBuildPhase section */
		7EC2F78C2A695EB400CAD2BF /* Frameworks */ = {
			isa = PBXFrameworksBuildPhase;
			buildActionMask = 2147483647;
			files = (
				7E82BD9C2A99AF7C004B6B72 /* PopupView in Frameworks */,
				7EC2F7BE2A6A936200CAD2BF /* SwiftUICharts in Frameworks */,
			);
			runOnlyForDeploymentPostprocessing = 0;
		};
/* End PBXFrameworksBuildPhase section */

/* Begin PBXGroup section */
		7E34E0912A8B2E2A006C82DA /* Currencies */ = {
			isa = PBXGroup;
			children = (
				7E34E0932A8B2E44006C82DA /* Currencies.swift */,
				7E34E0972A8B3055006C82DA /* CurrenciesCell.swift */,
				7E34E0992A8B4225006C82DA /* CurrencyViewModel.swift */,
			);
			path = Currencies;
			sourceTree = "<group>";
		};
		7E34E0922A8B2E33006C82DA /* Events */ = {
			isa = PBXGroup;
			children = (
				7E34E09B2A8B44B8006C82DA /* EventView.swift */,
			);
			path = Events;
			sourceTree = "<group>";
		};
		7E4FF9D82A71425900BA395D /* NetworkService */ = {
			isa = PBXGroup;
			children = (
				7E4FF9D92A71426E00BA395D /* NetworkModel.swift */,
				7E4FF9DB2A71427B00BA395D /* NetwofkService.swift */,
			);
			path = NetworkService;
			sourceTree = "<group>";
		};
		7E82BD9D2A99B406004B6B72 /* PopupView */ = {
			isa = PBXGroup;
			children = (
				7E82BD9E2A99B41A004B6B72 /* PopupView.swift */,
			);
			path = PopupView;
			sourceTree = "<group>";
		};
		7EC2F7862A695EB400CAD2BF = {
			isa = PBXGroup;
			children = (
				7E0381142AA21BE400FF8109 /* QuantumAIConfiguration.storekit */,
				7EC2F7912A695EB400CAD2BF /* Quantum */,
				7EC2F7902A695EB400CAD2BF /* Products */,
			);
			sourceTree = "<group>";
		};
		7EC2F7902A695EB400CAD2BF /* Products */ = {
			isa = PBXGroup;
			children = (
				7EC2F78F2A695EB400CAD2BF /* Quantum.app */,
			);
			name = Products;
			sourceTree = "<group>";
		};
		7EC2F7912A695EB400CAD2BF /* Quantum */ = {
			isa = PBXGroup;
			children = (
				7E82BD9D2A99B406004B6B72 /* PopupView */,
				7E34E0922A8B2E33006C82DA /* Events */,
				7E34E0912A8B2E2A006C82DA /* Currencies */,
				7E4FF9D82A71425900BA395D /* NetworkService */,
				7EC2F7AB2A6971FC00CAD2BF /* Visual */,
				7EC2F7AA2A6971F500CAD2BF /* Diary */,
				7EC2F7A82A6971E800CAD2BF /* Lessons */,
				7EC2F7A52A69670400CAD2BF /* MainView */,
				7EC2F7922A695EB400CAD2BF /* QuantumApp.swift */,
				7EC2F7942A695EB400CAD2BF /* ContentView.swift */,
				7EC2F7A32A6964AC00CAD2BF /* SplashScreen.swift */,
				7EC2F7962A695EB500CAD2BF /* Assets.xcassets */,
				7EC2F7A02A6960B100CAD2BF /* Info.plist */,
				7EC2F7982A695EB500CAD2BF /* Preview Content */,
				7EA80EB22AAB6350001AEF97 /* LessonStructMapper.swift */,
				7EA80EB42AAB637D001AEF97 /* LessonModel.swift */,
				7EA562BF2AB4936500C09F52 /* FinCalculatorView.swift */,
			);
			path = Quantum;
			sourceTree = "<group>";
		};
		7EC2F7982A695EB500CAD2BF /* Preview Content */ = {
			isa = PBXGroup;
			children = (
				7EC2F7992A695EB500CAD2BF /* Preview Assets.xcassets */,
			);
			path = "Preview Content";
			sourceTree = "<group>";
		};
		7EC2F7A52A69670400CAD2BF /* MainView */ = {
			isa = PBXGroup;
			children = (
				7EC2F7A62A69671D00CAD2BF /* MainMenuView.swift */,
			);
			path = MainView;
			sourceTree = "<group>";
		};
		7EC2F7A82A6971E800CAD2BF /* Lessons */ = {
			isa = PBXGroup;
			children = (
				7EC2F7AC2A69723E00CAD2BF /* LessonsView.swift */,
				7EC2F7AE2A69764A00CAD2BF /* LessonDesciption.swift */,
				7E4FF9DD2A71447E00BA395D /* LessonViewModel.swift */,
				7EA562C12AB498F000C09F52 /* FirstLessonView.swift */,
			);
			path = Lessons;
			sourceTree = "<group>";
		};
		7EC2F7AA2A6971F500CAD2BF /* Diary */ = {
			isa = PBXGroup;
			children = (
				7EC2F7B02A697AF300CAD2BF /* InvestDiaryView.swift */,
				7EC2F7B22A69862000CAD2BF /* InvestDiaryList.swift */,
				7EC2F7B42A6A73B200CAD2BF /* InvestViewModel.swift */,
				7EC2F7B62A6A75A900CAD2BF /* InvestModel.swift */,
			);
			path = Diary;
			sourceTree = "<group>";
		};
		7EC2F7AB2A6971FC00CAD2BF /* Visual */ = {
			isa = PBXGroup;
			children = (
				7EC2F7B82A6A8E2200CAD2BF /* VisualView.swift */,
			);
			path = Visual;
			sourceTree = "<group>";
		};
/* End PBXGroup section */

/* Begin PBXNativeTarget section */
		7EC2F78E2A695EB400CAD2BF /* Quantum */ = {
			isa = PBXNativeTarget;
			buildConfigurationList = 7EC2F79D2A695EB500CAD2BF /* Build configuration list for PBXNativeTarget "Quantum" */;
			buildPhases = (
				7EC2F78B2A695EB400CAD2BF /* Sources */,
				7EC2F78C2A695EB400CAD2BF /* Frameworks */,
				7EC2F78D2A695EB400CAD2BF /* Resources */,
			);
			buildRules = (
			);
			dependencies = (
			);
			name = Quantum;
			packageProductDependencies = (
				7EC2F7BD2A6A936200CAD2BF /* SwiftUICharts */,
				7E82BD9B2A99AF7C004B6B72 /* PopupView */,
			);
			productName = Quantum;
			productReference = 7EC2F78F2A695EB400CAD2BF /* Quantum.app */;
			productType = "com.apple.product-type.application";
		};
/* End PBXNativeTarget section */

/* Begin PBXProject section */
		7EC2F7872A695EB400CAD2BF /* Project object */ = {
			isa = PBXProject;
			attributes = {
				BuildIndependentTargetsInParallel = 1;
				LastSwiftUpdateCheck = 1430;
				LastUpgradeCheck = 1430;
				TargetAttributes = {
					7EC2F78E2A695EB400CAD2BF = {
						CreatedOnToolsVersion = 14.3;
					};
				};
			};
			buildConfigurationList = 7EC2F78A2A695EB400CAD2BF /* Build configuration list for PBXProject "Quantum" */;
			compatibilityVersion = "Xcode 14.0";
			developmentRegion = en;
			hasScannedForEncodings = 0;
			knownRegions = (
				en,
				Base,
			);
			mainGroup = 7EC2F7862A695EB400CAD2BF;
			packageReferences = (
				7EC2F7BC2A6A936200CAD2BF /* XCRemoteSwiftPackageReference "ChartView" */,
				7E82BD9A2A99AF7C004B6B72 /* XCRemoteSwiftPackageReference "PopupView" */,
			);
			productRefGroup = 7EC2F7902A695EB400CAD2BF /* Products */;
			projectDirPath = "";
			projectRoot = "";
			targets = (
				7EC2F78E2A695EB400CAD2BF /* Quantum */,
			);
		};
/* End PBXProject section */

/* Begin PBXResourcesBuildPhase section */
		7EC2F78D2A695EB400CAD2BF /* Resources */ = {
			isa = PBXResourcesBuildPhase;
			buildActionMask = 2147483647;
			files = (
				7EC2F79A2A695EB500CAD2BF /* Preview Assets.xcassets in Resources */,
				7EC2F7972A695EB500CAD2BF /* Assets.xcassets in Resources */,
			);
			runOnlyForDeploymentPostprocessing = 0;
		};
/* End PBXResourcesBuildPhase section */

/* Begin PBXSourcesBuildPhase section */
		7EC2F78B2A695EB400CAD2BF /* Sources */ = {
			isa = PBXSourcesBuildPhase;
			buildActionMask = 2147483647;
			files = (
				7EC2F7A42A6964AC00CAD2BF /* SplashScreen.swift in Sources */,
				7E4FF9DC2A71427B00BA395D /* NetwofkService.swift in Sources */,
				7EC2F7952A695EB400CAD2BF /* ContentView.swift in Sources */,
				7EA80EB32AAB6350001AEF97 /* LessonStructMapper.swift in Sources */,
				7EC2F7B72A6A75A900CAD2BF /* InvestModel.swift in Sources */,
				7EC2F7B12A697AF300CAD2BF /* InvestDiaryView.swift in Sources */,
				7EA80EB52AAB637D001AEF97 /* LessonModel.swift in Sources */,
				7E34E09A2A8B4225006C82DA /* CurrencyViewModel.swift in Sources */,
				7EC2F7AD2A69723E00CAD2BF /* LessonsView.swift in Sources */,
				7E34E0942A8B2E44006C82DA /* Currencies.swift in Sources */,
				7EA562C02AB4936500C09F52 /* FinCalculatorView.swift in Sources */,
				7EC2F7A72A69671D00CAD2BF /* MainMenuView.swift in Sources */,
				7EC2F7932A695EB400CAD2BF /* QuantumApp.swift in Sources */,
				7E82BD9F2A99B41A004B6B72 /* PopupView.swift in Sources */,
				7EA562C22AB498F000C09F52 /* FirstLessonView.swift in Sources */,
				7E4FF9DE2A71447E00BA395D /* LessonViewModel.swift in Sources */,
				7EC2F7B52A6A73B200CAD2BF /* InvestViewModel.swift in Sources */,
				7E4FF9DA2A71426E00BA395D /* NetworkModel.swift in Sources */,
				7EC2F7B32A69862000CAD2BF /* InvestDiaryList.swift in Sources */,
				7E34E0982A8B3055006C82DA /* CurrenciesCell.swift in Sources */,
				7EC2F7B92A6A8E2200CAD2BF /* VisualView.swift in Sources */,
				7EC2F7AF2A69764A00CAD2BF /* LessonDesciption.swift in Sources */,
				7E34E09C2A8B44B8006C82DA /* EventView.swift in Sources */,
			);
			runOnlyForDeploymentPostprocessing = 0;
		};
/* End PBXSourcesBuildPhase section */

/* Begin XCBuildConfiguration section */
		7EC2F79B2A695EB500CAD2BF /* Debug */ = {
			isa = XCBuildConfiguration;
			buildSettings = {
				ALWAYS_SEARCH_USER_PATHS = NO;
				CLANG_ANALYZER_NONNULL = YES;
				CLANG_ANALYZER_NUMBER_OBJECT_CONVERSION = YES_AGGRESSIVE;
				CLANG_CXX_LANGUAGE_STANDARD = "gnu++20";
				CLANG_ENABLE_MODULES = YES;
				CLANG_ENABLE_OBJC_ARC = YES;
				CLANG_ENABLE_OBJC_WEAK = YES;
				CLANG_WARN_BLOCK_CAPTURE_AUTORELEASING = YES;
				CLANG_WARN_BOOL_CONVERSION = YES;
				CLANG_WARN_COMMA = YES;
				CLANG_WARN_CONSTANT_CONVERSION = YES;
				CLANG_WARN_DEPRECATED_OBJC_IMPLEMENTATIONS = YES;
				CLANG_WARN_DIRECT_OBJC_ISA_USAGE = YES_ERROR;
				CLANG_WARN_DOCUMENTATION_COMMENTS = YES;
				CLANG_WARN_EMPTY_BODY = YES;
				CLANG_WARN_ENUM_CONVERSION = YES;
				CLANG_WARN_INFINITE_RECURSION = YES;
				CLANG_WARN_INT_CONVERSION = YES;
				CLANG_WARN_NON_LITERAL_NULL_CONVERSION = YES;
				CLANG_WARN_OBJC_IMPLICIT_RETAIN_SELF = YES;
				CLANG_WARN_OBJC_LITERAL_CONVERSION = YES;
				CLANG_WARN_OBJC_ROOT_CLASS = YES_ERROR;
				CLANG_WARN_QUOTED_INCLUDE_IN_FRAMEWORK_HEADER = YES;
				CLANG_WARN_RANGE_LOOP_ANALYSIS = YES;
				CLANG_WARN_STRICT_PROTOTYPES = YES;
				CLANG_WARN_SUSPICIOUS_MOVE = YES;
				CLANG_WARN_UNGUARDED_AVAILABILITY = YES_AGGRESSIVE;
				CLANG_WARN_UNREACHABLE_CODE = YES;
				CLANG_WARN__DUPLICATE_METHOD_MATCH = YES;
				COPY_PHASE_STRIP = NO;
				DEBUG_INFORMATION_FORMAT = dwarf;
				ENABLE_STRICT_OBJC_MSGSEND = YES;
				ENABLE_TESTABILITY = YES;
				GCC_C_LANGUAGE_STANDARD = gnu11;
				GCC_DYNAMIC_NO_PIC = NO;
				GCC_NO_COMMON_BLOCKS = YES;
				GCC_OPTIMIZATION_LEVEL = 0;
				GCC_PREPROCESSOR_DEFINITIONS = (
					"DEBUG=1",
					"$(inherited)",
				);
				GCC_WARN_64_TO_32_BIT_CONVERSION = YES;
				GCC_WARN_ABOUT_RETURN_TYPE = YES_ERROR;
				GCC_WARN_UNDECLARED_SELECTOR = YES;
				GCC_WARN_UNINITIALIZED_AUTOS = YES_AGGRESSIVE;
				GCC_WARN_UNUSED_FUNCTION = YES;
				GCC_WARN_UNUSED_VARIABLE = YES;
				IPHONEOS_DEPLOYMENT_TARGET = 16.4;
				MTL_ENABLE_DEBUG_INFO = INCLUDE_SOURCE;
				MTL_FAST_MATH = YES;
				ONLY_ACTIVE_ARCH = YES;
				SDKROOT = iphoneos;
				SWIFT_ACTIVE_COMPILATION_CONDITIONS = DEBUG;
				SWIFT_OPTIMIZATION_LEVEL = "-Onone";
			};
			name = Debug;
		};
		7EC2F79C2A695EB500CAD2BF /* Release */ = {
			isa = XCBuildConfiguration;
			buildSettings = {
				ALWAYS_SEARCH_USER_PATHS = NO;
				CLANG_ANALYZER_NONNULL = YES;
				CLANG_ANALYZER_NUMBER_OBJECT_CONVERSION = YES_AGGRESSIVE;
				CLANG_CXX_LANGUAGE_STANDARD = "gnu++20";
				CLANG_ENABLE_MODULES = YES;
				CLANG_ENABLE_OBJC_ARC = YES;
				CLANG_ENABLE_OBJC_WEAK = YES;
				CLANG_WARN_BLOCK_CAPTURE_AUTORELEASING = YES;
				CLANG_WARN_BOOL_CONVERSION = YES;
				CLANG_WARN_COMMA = YES;
				CLANG_WARN_CONSTANT_CONVERSION = YES;
				CLANG_WARN_DEPRECATED_OBJC_IMPLEMENTATIONS = YES;
				CLANG_WARN_DIRECT_OBJC_ISA_USAGE = YES_ERROR;
				CLANG_WARN_DOCUMENTATION_COMMENTS = YES;
				CLANG_WARN_EMPTY_BODY = YES;
				CLANG_WARN_ENUM_CONVERSION = YES;
				CLANG_WARN_INFINITE_RECURSION = YES;
				CLANG_WARN_INT_CONVERSION = YES;
				CLANG_WARN_NON_LITERAL_NULL_CONVERSION = YES;
				CLANG_WARN_OBJC_IMPLICIT_RETAIN_SELF = YES;
				CLANG_WARN_OBJC_LITERAL_CONVERSION = YES;
				CLANG_WARN_OBJC_ROOT_CLASS = YES_ERROR;
				CLANG_WARN_QUOTED_INCLUDE_IN_FRAMEWORK_HEADER = YES;
				CLANG_WARN_RANGE_LOOP_ANALYSIS = YES;
				CLANG_WARN_STRICT_PROTOTYPES = YES;
				CLANG_WARN_SUSPICIOUS_MOVE = YES;
				CLANG_WARN_UNGUARDED_AVAILABILITY = YES_AGGRESSIVE;
				CLANG_WARN_UNREACHABLE_CODE = YES;
				CLANG_WARN__DUPLICATE_METHOD_MATCH = YES;
				COPY_PHASE_STRIP = NO;
				DEBUG_INFORMATION_FORMAT = "dwarf-with-dsym";
				ENABLE_NS_ASSERTIONS = NO;
				ENABLE_STRICT_OBJC_MSGSEND = YES;
				GCC_C_LANGUAGE_STANDARD = gnu11;
				GCC_NO_COMMON_BLOCKS = YES;
				GCC_WARN_64_TO_32_BIT_CONVERSION = YES;
				GCC_WARN_ABOUT_RETURN_TYPE = YES_ERROR;
				GCC_WARN_UNDECLARED_SELECTOR = YES;
				GCC_WARN_UNINITIALIZED_AUTOS = YES_AGGRESSIVE;
				GCC_WARN_UNUSED_FUNCTION = YES;
				GCC_WARN_UNUSED_VARIABLE = YES;
				IPHONEOS_DEPLOYMENT_TARGET = 16.4;
				MTL_ENABLE_DEBUG_INFO = NO;
				MTL_FAST_MATH = YES;
				SDKROOT = iphoneos;
				SWIFT_COMPILATION_MODE = wholemodule;
				SWIFT_OPTIMIZATION_LEVEL = "-O";
				VALIDATE_PRODUCT = YES;
			};
			name = Release;
		};
		7EC2F79E2A695EB500CAD2BF /* Debug */ = {
			isa = XCBuildConfiguration;
			buildSettings = {
				ASSETCATALOG_COMPILER_APPICON_NAME = AppIcon;
				ASSETCATALOG_COMPILER_GLOBAL_ACCENT_COLOR_NAME = AccentColor;
				CODE_SIGN_STYLE = Automatic;
				CURRENT_PROJECT_VERSION = 7;
				DEVELOPMENT_ASSET_PATHS = "\"Quantum/Preview Content\"";
				DEVELOPMENT_TEAM = BJZ5B5QV9W;
				ENABLE_PREVIEWS = YES;
				GENERATE_INFOPLIST_FILE = YES;
				INFOPLIST_FILE = Quantum/Info.plist;
				INFOPLIST_KEY_UIApplicationSceneManifest_Generation = YES;
				INFOPLIST_KEY_UIApplicationSupportsIndirectInputEvents = YES;
				INFOPLIST_KEY_UISupportedInterfaceOrientations = "\"\"";
				INFOPLIST_KEY_UISupportedInterfaceOrientations_iPad = "UIInterfaceOrientationLandscapeLeft UIInterfaceOrientationLandscapeRight UIInterfaceOrientationPortrait UIInterfaceOrientationPortraitUpsideDown";
				IPHONEOS_DEPLOYMENT_TARGET = 15.0;
				LD_RUNPATH_SEARCH_PATHS = (
					"$(inherited)",
					"@executable_path/Frameworks",
				);
				MARKETING_VERSION = 1.0;
				PRODUCT_BUNDLE_IDENTIFIER = quantum.quantumApp;
				PRODUCT_NAME = "$(TARGET_NAME)";
				SUPPORTED_PLATFORMS = "iphoneos iphonesimulator";
				SUPPORTS_MACCATALYST = NO;
				SUPPORTS_MAC_DESIGNED_FOR_IPHONE_IPAD = YES;
				SWIFT_EMIT_LOC_STRINGS = YES;
				SWIFT_VERSION = 5.0;
				TARGETED_DEVICE_FAMILY = 1;
			};
			name = Debug;
		};
		7EC2F79F2A695EB500CAD2BF /* Release */ = {
			isa = XCBuildConfiguration;
			buildSettings = {
				ASSETCATALOG_COMPILER_APPICON_NAME = AppIcon;
				ASSETCATALOG_COMPILER_GLOBAL_ACCENT_COLOR_NAME = AccentColor;
				CODE_SIGN_STYLE = Automatic;
				CURRENT_PROJECT_VERSION = 7;
				DEVELOPMENT_ASSET_PATHS = "\"Quantum/Preview Content\"";
				DEVELOPMENT_TEAM = BJZ5B5QV9W;
				ENABLE_PREVIEWS = YES;
				GENERATE_INFOPLIST_FILE = YES;
				INFOPLIST_FILE = Quantum/Info.plist;
				INFOPLIST_KEY_UIApplicationSceneManifest_Generation = YES;
				INFOPLIST_KEY_UIApplicationSupportsIndirectInputEvents = YES;
				INFOPLIST_KEY_UISupportedInterfaceOrientations = "\"\"";
				INFOPLIST_KEY_UISupportedInterfaceOrientations_iPad = "UIInterfaceOrientationLandscapeLeft UIInterfaceOrientationLandscapeRight UIInterfaceOrientationPortrait UIInterfaceOrientationPortraitUpsideDown";
				IPHONEOS_DEPLOYMENT_TARGET = 15.0;
				LD_RUNPATH_SEARCH_PATHS = (
					"$(inherited)",
					"@executable_path/Frameworks",
				);
				MARKETING_VERSION = 1.0;
				PRODUCT_BUNDLE_IDENTIFIER = quantum.quantumApp;
				PRODUCT_NAME = "$(TARGET_NAME)";
				SUPPORTED_PLATFORMS = "iphoneos iphonesimulator";
				SUPPORTS_MACCATALYST = NO;
				SUPPORTS_MAC_DESIGNED_FOR_IPHONE_IPAD = YES;
				SWIFT_EMIT_LOC_STRINGS = YES;
				SWIFT_VERSION = 5.0;
				TARGETED_DEVICE_FAMILY = 1;
			};
			name = Release;
		};
/* End XCBuildConfiguration section */

/* Begin XCConfigurationList section */
		7EC2F78A2A695EB400CAD2BF /* Build configuration list for PBXProject "Quantum" */ = {
			isa = XCConfigurationList;
			buildConfigurations = (
				7EC2F79B2A695EB500CAD2BF /* Debug */,
				7EC2F79C2A695EB500CAD2BF /* Release */,
			);
			defaultConfigurationIsVisible = 0;
			defaultConfigurationName = Release;
		};
		7EC2F79D2A695EB500CAD2BF /* Build configuration list for PBXNativeTarget "Quantum" */ = {
			isa = XCConfigurationList;
			buildConfigurations = (
				7EC2F79E2A695EB500CAD2BF /* Debug */,
				7EC2F79F2A695EB500CAD2BF /* Release */,
			);
			defaultConfigurationIsVisible = 0;
			defaultConfigurationName = Release;
		};
/* End XCConfigurationList section */

/* Begin XCRemoteSwiftPackageReference section */
		7E82BD9A2A99AF7C004B6B72 /* XCRemoteSwiftPackageReference "PopupView" */ = {
			isa = XCRemoteSwiftPackageReference;
			repositoryURL = "https://github.com/exyte/PopupView.git";
			requirement = {
				kind = upToNextMajorVersion;
				minimumVersion = 2.0.0;
			};
		};
		7EC2F7BC2A6A936200CAD2BF /* XCRemoteSwiftPackageReference "ChartView" */ = {
			isa = XCRemoteSwiftPackageReference;
			repositoryURL = "https://github.com/AppPear/ChartView";
			requirement = {
				kind = upToNextMinorVersion;
				minimumVersion = 1.5.0;
			};
		};
/* End XCRemoteSwiftPackageReference section */

/* Begin XCSwiftPackageProductDependency section */
		7E82BD9B2A99AF7C004B6B72 /* PopupView */ = {
			isa = XCSwiftPackageProductDependency;
			package = 7E82BD9A2A99AF7C004B6B72 /* XCRemoteSwiftPackageReference "PopupView" */;
			productName = PopupView;
		};
		7EC2F7BD2A6A936200CAD2BF /* SwiftUICharts */ = {
			isa = XCSwiftPackageProductDependency;
			package = 7EC2F7BC2A6A936200CAD2BF /* XCRemoteSwiftPackageReference "ChartView" */;
			productName = SwiftUICharts;
		};
/* End XCSwiftPackageProductDependency section */
	};
	rootObject = 7EC2F7872A695EB400CAD2BF /* Project object */;
}
